
Microsoft Visual Studio Solution File, Format Version 12.00
# Visual Studio 14
VisualStudioVersion = 14.0.25123.0
MinimumVisualStudioVersion = 10.0.40219.1
Project("{FAE04EC0-301F-11D3-BF4B-00C04F79EFBC}") = "ServiceStack.Discovery.Redis", "src\ServiceStack.Discovery.Redis\ServiceStack.Discovery.Redis.csproj", "{1A14AC71-BE64-4910-9FD2-2E59ADE36319}"
EndProject
Project("{2150E333-8FDC-42A3-9474-1A3956D46DE8}") = "docs", "docs", "{F816C505-5414-411F-9B98-3F420E57222B}"
	ProjectSection(SolutionItems) = preProject
		LICENSE = LICENSE
		README.md = README.md
	EndProjectSection
EndProject
Project("{2150E333-8FDC-42A3-9474-1A3956D46DE8}") = "tests", "tests", "{F75D964A-E109-493D-99AC-6469A76040FB}"
EndProject
Project("{FAE04EC0-301F-11D3-BF4B-00C04F79EFBC}") = "TestService1", "tests\TestService1\TestService1.csproj", "{F614F916-6946-4A89-B355-41BD8803F025}"
EndProject
Project("{FAE04EC0-301F-11D3-BF4B-00C04F79EFBC}") = "TestService2", "tests\TestService2\TestService2.csproj", "{B968AD53-F545-4771-8A9F-3FF8E35B7D95}"
EndProject
Project("{2150E333-8FDC-42A3-9474-1A3956D46DE8}") = "src", "src", "{981036CF-6A82-4716-8B12-D91B558EA253}"
EndProject
Global
	GlobalSection(SolutionConfigurationPlatforms) = preSolution
		Debug|Any CPU = Debug|Any CPU
		Release|Any CPU = Release|Any CPU
	EndGlobalSection
	GlobalSection(ProjectConfigurationPlatforms) = postSolution
		{1A14AC71-BE64-4910-9FD2-2E59ADE36319}.Debug|Any CPU.ActiveCfg = Debug|Any CPU
		{1A14AC71-BE64-4910-9FD2-2E59ADE36319}.Debug|Any CPU.Build.0 = Debug|Any CPU
		{1A14AC71-BE64-4910-9FD2-2E59ADE36319}.Release|Any CPU.ActiveCfg = Release|Any CPU
		{1A14AC71-BE64-4910-9FD2-2E59ADE36319}.Release|Any CPU.Build.0 = Release|Any CPU
		{F614F916-6946-4A89-B355-41BD8803F025}.Debug|Any CPU.ActiveCfg = Debug|Any CPU
		{F614F916-6946-4A89-B355-41BD8803F025}.Debug|Any CPU.Build.0 = Debug|Any CPU
		{F614F916-6946-4A89-B355-41BD8803F025}.Release|Any CPU.ActiveCfg = Release|Any CPU
		{F614F916-6946-4A89-B355-41BD8803F025}.Release|Any CPU.Build.0 = Release|Any CPU
		{B968AD53-F545-4771-8A9F-3FF8E35B7D95}.Debug|Any CPU.ActiveCfg = Debug|Any CPU
		{B968AD53-F545-4771-8A9F-3FF8E35B7D95}.Debug|Any CPU.Build.0 = Debug|Any CPU
		{B968AD53-F545-4771-8A9F-3FF8E35B7D95}.Release|Any CPU.ActiveCfg = Release|Any CPU
		{B968AD53-F545-4771-8A9F-3FF8E35B7D95}.Release|Any CPU.Build.0 = Release|Any CPU
	EndGlobalSection
	GlobalSection(SolutionProperties) = preSolution
		HideSolutionNode = FALSE
	EndGlobalSection
	GlobalSection(NestedProjects) = preSolution
		{1A14AC71-BE64-4910-9FD2-2E59ADE36319} = {981036CF-6A82-4716-8B12-D91B558EA253}
		{F614F916-6946-4A89-B355-41BD8803F025} = {F75D964A-E109-493D-99AC-6469A76040FB}
		{B968AD53-F545-4771-8A9F-3FF8E35B7D95} = {F75D964A-E109-493D-99AC-6469A76040FB}
	EndGlobalSection
EndGlobal
