
Microsoft Visual Studio Solution File, Format Version 12.00
# Visual Studio 14
VisualStudioVersion = 14.0.25123.0
MinimumVisualStudioVersion = 10.0.40219.1
Project("{FAE04EC0-301F-11D3-BF4B-00C04F79EFBC}") = "ServiceStack.Discovery.Redis", "src\ServiceStack.Discovery.Redis\ServiceStack.Discovery.Redis.csproj", "{1A14AC71-BE64-4910-9FD2-2E59ADE36319}"
EndProject
Project("{2150E333-8FDC-42A3-9474-1A3956D46DE8}") = "docs", "docs", "{F816C505-5414-411F-9B98-3F420E57222B}"
	ProjectSection(SolutionItems) = preProject
		LICENSE = LICENSE
		README.md = README.md
	EndProjectSection
EndProject
Global
	GlobalSection(SolutionConfigurationPlatforms) = preSolution
		Debug|Any CPU = Debug|Any CPU
		Release|Any CPU = Release|Any CPU
	EndGlobalSection
	GlobalSection(ProjectConfigurationPlatforms) = postSolution
		{1A14AC71-BE64-4910-9FD2-2E59ADE36319}.Debug|Any CPU.ActiveCfg = Debug|Any CPU
		{1A14AC71-BE64-4910-9FD2-2E59ADE36319}.Debug|Any CPU.Build.0 = Debug|Any CPU
		{1A14AC71-BE64-4910-9FD2-2E59ADE36319}.Release|Any CPU.ActiveCfg = Release|Any CPU
		{1A14AC71-BE64-4910-9FD2-2E59ADE36319}.Release|Any CPU.Build.0 = Release|Any CPU
	EndGlobalSection
	GlobalSection(SolutionProperties) = preSolution
		HideSolutionNode = FALSE
	EndGlobalSection
EndGlobal
